
Microsoft Visual Studio Solution File, Format Version 12.00
# Visual Studio Version 17
VisualStudioVersion = 17.8.34330.188
MinimumVisualStudioVersion = 10.0.40219.1
Project("{FAE04EC0-301F-11D3-BF4B-00C04F79EFBC}") = "MauiApp1", "MauiApp1\MauiApp1.csproj", "{3A4DCE14-F880-4956-89FF-7E7C98DC4587}"
EndProject
Global
	GlobalSection(SolutionConfigurationPlatforms) = preSolution
		Debug|Any CPU = Debug|Any CPU
		Release|Any CPU = Release|Any CPU
	EndGlobalSection
	GlobalSection(ProjectConfigurationPlatforms) = postSolution
		{3A4DCE14-F880-4956-89FF-7E7C98DC4587}.Debug|Any CPU.ActiveCfg = Debug|Any CPU
		{3A4DCE14-F880-4956-89FF-7E7C98DC4587}.Debug|Any CPU.Build.0 = Debug|Any CPU
		{3A4DCE14-F880-4956-89FF-7E7C98DC4587}.Debug|Any CPU.Deploy.0 = Debug|Any CPU
		{3A4DCE14-F880-4956-89FF-7E7C98DC4587}.Release|Any CPU.ActiveCfg = Release|Any CPU
		{3A4DCE14-F880-4956-89FF-7E7C98DC4587}.Release|Any CPU.Build.0 = Release|Any CPU
		{3A4DCE14-F880-4956-89FF-7E7C98DC4587}.Release|Any CPU.Deploy.0 = Release|Any CPU
	EndGlobalSection
	GlobalSection(SolutionProperties) = preSolution
		HideSolutionNode = FALSE
	EndGlobalSection
	GlobalSection(ExtensibilityGlobals) = postSolution
		SolutionGuid = {A5F163C6-C72B-46B5-B811-4F1DBB392114}
	EndGlobalSection
EndGlobal
